
Microsoft Visual Studio Solution File, Format Version 12.00
# Visual Studio Version 16
VisualStudioVersion = 16.0.31702.278
MinimumVisualStudioVersion = 10.0.40219.1
Project("{FAE04EC0-301F-11D3-BF4B-00C04F79EFBC}") = "PetShop", "PetShop.csproj", "{FCE010C8-8522-4E18-9E38-9646245512C2}"
EndProject
Global
	GlobalSection(SolutionConfigurationPlatforms) = preSolution
		Debug|Any CPU = Debug|Any CPU
		Release|Any CPU = Release|Any CPU
	EndGlobalSection
	GlobalSection(ProjectConfigurationPlatforms) = postSolution
		{FCE010C8-8522-4E18-9E38-9646245512C2}.Debug|Any CPU.ActiveCfg = Debug|Any CPU
		{FCE010C8-8522-4E18-9E38-9646245512C2}.Debug|Any CPU.Build.0 = Debug|Any CPU
		{FCE010C8-8522-4E18-9E38-9646245512C2}.Release|Any CPU.ActiveCfg = Release|Any CPU
		{FCE010C8-8522-4E18-9E38-9646245512C2}.Release|Any CPU.Build.0 = Release|Any CPU
	EndGlobalSection
	GlobalSection(SolutionProperties) = preSolution
		HideSolutionNode = FALSE
	EndGlobalSection
	GlobalSection(ExtensibilityGlobals) = postSolution
		SolutionGuid = {15FB3151-9C7C-4EB5-A0F7-4588EA00368E}
	EndGlobalSection
EndGlobal
